
Microsoft Visual Studio Solution File, Format Version 12.00
# Visual Studio Version 16
VisualStudioVersion = 16.0.29509.3
MinimumVisualStudioVersion = 10.0.40219.1
Project("{FAE04EC0-301F-11D3-BF4B-00C04F79EFBC}") = "Space.Card.Game.WebApi", "Space.Card.Game.WebApi.csproj", "{5ADCE731-085A-4AEC-B732-0CE0B7876CC3}"
EndProject
Global
	GlobalSection(SolutionConfigurationPlatforms) = preSolution
		Debug|Any CPU = Debug|Any CPU
		Release|Any CPU = Release|Any CPU
	EndGlobalSection
	GlobalSection(ProjectConfigurationPlatforms) = postSolution
		{5ADCE731-085A-4AEC-B732-0CE0B7876CC3}.Debug|Any CPU.ActiveCfg = Debug|Any CPU
		{5ADCE731-085A-4AEC-B732-0CE0B7876CC3}.Debug|Any CPU.Build.0 = Debug|Any CPU
		{5ADCE731-085A-4AEC-B732-0CE0B7876CC3}.Release|Any CPU.ActiveCfg = Release|Any CPU
		{5ADCE731-085A-4AEC-B732-0CE0B7876CC3}.Release|Any CPU.Build.0 = Release|Any CPU
	EndGlobalSection
	GlobalSection(SolutionProperties) = preSolution
		HideSolutionNode = FALSE
	EndGlobalSection
	GlobalSection(ExtensibilityGlobals) = postSolution
		SolutionGuid = {EB99DB41-0D21-46EB-BEA5-12B2628F76C5}
	EndGlobalSection
EndGlobal
